<?xml version="1.0" encoding="utf-8"?>
<Project ToolsVersion="4.0" xmlns="http://schemas.microsoft.com/developer/msbuild/2003">
  <ItemGroup>
    <Filter Include="Source Files">
      <UniqueIdentifier>{4FC737F1-C7A5-4376-A066-2A32D752A2FF}</UniqueIdentifier>
      <Extensions>cpp;c;cc;cxx;c++;cppm;ixx;def;odl;idl;hpj;bat;asm;asmx</Extensions>
    </Filter>
    <Filter Include="Header Files">
      <UniqueIdentifier>{93995380-89BD-4b04-88EB-625FBE52EBFB}</UniqueIdentifier>
      <Extensions>h;hh;hpp;hxx;h++;hm;inl;inc;ipp;xsd</Extensions>
    </Filter>
    <Filter Include="Resource Files">
      <UniqueIdentifier>{67DA6AB6-F800-4c08-8B7A-83BB121AAD01}</UniqueIdentifier>
      <Extensions>rc;ico;cur;bmp;dlg;rc2;rct;bin;rgs;gif;jpg;jpeg;jpe;resx;tiff;tif;png;wav;mfcribbon-ms</Extensions>
    </Filter>
    <Filter Include="Header Files\GLFW">
      <UniqueIdentifier>{2b181f14-7227-442b-b5be-2226a363014e}</UniqueIdentifier>
    </Filter>
    <Filter Include="Header Files\glad">
      <UniqueIdentifier>{2ea22c95-03e9-4308-a824-4283a81c4adc}</UniqueIdentifier>
    </Filter>
    <Filter Include="Header Files\KHR">
      <UniqueIdentifier>{bb62c3d8-882c-4c26-886e-b402018340ed}</UniqueIdentifier>
    </Filter>
    <Filter Include="Header Files\glm">
      <UniqueIdentifier>{5b72ea22-1cc2-45d4-9119-3a1a88219baf}</UniqueIdentifier>
    </Filter>
    <Filter Include="Header Files\Shader">
      <UniqueIdentifier>{4633d346-b693-48ba-b22f-3a03aea9a259}</UniqueIdentifier>
    </Filter>
    <Filter Include="Header Files\Matrix">
      <UniqueIdentifier>{decdad2f-ea7f-41ba-9221-5ef47b920876}</UniqueIdentifier>
    </Filter>
  </ItemGroup>
  <ItemGroup>
    <ClCompile Include="main.cpp">
      <Filter>Source Files</Filter>
    </ClCompile>
    <ClCompile Include="..\src\glad.c">
      <Filter>Resource Files</Filter>
    </ClCompile>
    <ClCompile Include="..\src\ShaderProgram.cpp">
      <Filter>Resource Files</Filter>
    </ClCompile>
  </ItemGroup>
  <ItemGroup>
    <ClInclude Include="..\include\GLFW\glfw3.h">
      <Filter>Header Files\GLFW</Filter>
    </ClInclude>
    <ClInclude Include="..\include\GLFW\glfw3native.h">
      <Filter>Header Files\GLFW</Filter>
    </ClInclude>
    <ClInclude Include="..\include\glad\glad.h">
      <Filter>Header Files\glad</Filter>
    </ClInclude>
    <ClInclude Include="..\include\KHR\khrplatform.h">
      <Filter>Header Files\KHR</Filter>
    </ClInclude>
    <ClInclude Include="..\include\glm\common.hpp">
      <Filter>Header Files\glm</Filter>
    </ClInclude>
    <ClInclude Include="..\include\glm\exponential.hpp">
      <Filter>Header Files\glm</Filter>
    </ClInclude>
    <ClInclude Include="..\include\glm\ext.hpp">
      <Filter>Header Files\glm</Filter>
    </ClInclude>
    <ClInclude Include="..\include\glm\fwd.hpp">
      <Filter>Header Files\glm</Filter>
    </ClInclude>
    <ClInclude Include="..\include\glm\geometric.hpp">
      <Filter>Header Files\glm</Filter>
    </ClInclude>
    <ClInclude Include="..\include\glm\glm.hpp">
      <Filter>Header Files\glm</Filter>
    </ClInclude>
    <ClInclude Include="..\include\glm\integer.hpp">
      <Filter>Header Files\glm</Filter>
    </ClInclude>
    <ClInclude Include="..\include\glm\mat2x2.hpp">
      <Filter>Header Files\glm</Filter>
    </ClInclude>
    <ClInclude Include="..\include\glm\mat2x3.hpp">
      <Filter>Header Files\glm</Filter>
    </ClInclude>
    <ClInclude Include="..\include\glm\mat2x4.hpp">
      <Filter>Header Files\glm</Filter>
    </ClInclude>
    <ClInclude Include="..\include\glm\mat3x2.hpp">
      <Filter>Header Files\glm</Filter>
    </ClInclude>
    <ClInclude Include="..\include\glm\mat3x3.hpp">
      <Filter>Header Files\glm</Filter>
    </ClInclude>
    <ClInclude Include="..\include\glm\mat3x4.hpp">
      <Filter>Header Files\glm</Filter>
    </ClInclude>
    <ClInclude Include="..\include\glm\mat4x2.hpp">
      <Filter>Header Files\glm</Filter>
    </ClInclude>
    <ClInclude Include="..\include\glm\mat4x3.hpp">
      <Filter>Header Files\glm</Filter>
    </ClInclude>
    <ClInclude Include="..\include\glm\mat4x4.hpp">
      <Filter>Header Files\glm</Filter>
    </ClInclude>
    <ClInclude Include="..\include\glm\matrix.hpp">
      <Filter>Header Files\glm</Filter>
    </ClInclude>
    <ClInclude Include="..\include\glm\packing.hpp">
      <Filter>Header Files\glm</Filter>
    </ClInclude>
    <ClInclude Include="..\include\glm\trigonometric.hpp">
      <Filter>Header Files\glm</Filter>
    </ClInclude>
    <ClInclude Include="..\include\glm\vec2.hpp">
      <Filter>Header Files\glm</Filter>
    </ClInclude>
    <ClInclude Include="..\include\glm\vec3.hpp">
      <Filter>Header Files\glm</Filter>
    </ClInclude>
    <ClInclude Include="..\include\glm\vec4.hpp">
      <Filter>Header Files\glm</Filter>
    </ClInclude>
    <ClInclude Include="..\include\glm\vector_relational.hpp">
      <Filter>Header Files\glm</Filter>
    </ClInclude>
    <ClInclude Include="..\include\Shader\ShaderProgram.h">
      <Filter>Header Files\Shader</Filter>
    </ClInclude>
    <ClInclude Include="Matrix.h">
      <Filter>Header Files\Matrix</Filter>
    </ClInclude>
  </ItemGroup>
  <ItemGroup>
    <None Include="shader.fs">
      <Filter>Source Files</Filter>
    </None>
    <None Include="shader.vs">
      <Filter>Source Files</Filter>
    </None>
  </ItemGroup>
</Project>